
Microsoft Visual Studio Solution File, Format Version 12.00
# Visual Studio Version 17
VisualStudioVersion = 17.0.32126.317
MinimumVisualStudioVersion = 10.0.40219.1
Project("{FAE04EC0-301F-11D3-BF4B-00C04F79EFBC}") = "RadioFitCalendar.Android", "RadioFitCalendar\RadioFitCalendar.Android\RadioFitCalendar.Android.csproj", "{A99F2997-9AE7-4896-B605-DF93D681D536}"
EndProject
Project("{FAE04EC0-301F-11D3-BF4B-00C04F79EFBC}") = "RadioFitCalendar", "RadioFitCalendar\RadioFitCalendar\RadioFitCalendar.csproj", "{3788BD78-4401-4EC8-8AEB-2F9F460CAE87}"
EndProject
Global
	GlobalSection(SolutionConfigurationPlatforms) = preSolution
		Debug|Any CPU = Debug|Any CPU
		Release|Any CPU = Release|Any CPU
	EndGlobalSection
	GlobalSection(ProjectConfigurationPlatforms) = postSolution
		{A99F2997-9AE7-4896-B605-DF93D681D536}.Debug|Any CPU.ActiveCfg = Debug|Any CPU
		{A99F2997-9AE7-4896-B605-DF93D681D536}.Debug|Any CPU.Build.0 = Debug|Any CPU
		{A99F2997-9AE7-4896-B605-DF93D681D536}.Debug|Any CPU.Deploy.0 = Debug|Any CPU
		{A99F2997-9AE7-4896-B605-DF93D681D536}.Release|Any CPU.ActiveCfg = Release|Any CPU
		{A99F2997-9AE7-4896-B605-DF93D681D536}.Release|Any CPU.Build.0 = Release|Any CPU
		{A99F2997-9AE7-4896-B605-DF93D681D536}.Release|Any CPU.Deploy.0 = Release|Any CPU
		{3788BD78-4401-4EC8-8AEB-2F9F460CAE87}.Debug|Any CPU.ActiveCfg = Debug|Any CPU
		{3788BD78-4401-4EC8-8AEB-2F9F460CAE87}.Debug|Any CPU.Build.0 = Debug|Any CPU
		{3788BD78-4401-4EC8-8AEB-2F9F460CAE87}.Debug|Any CPU.Deploy.0 = Debug|Any CPU
		{3788BD78-4401-4EC8-8AEB-2F9F460CAE87}.Release|Any CPU.ActiveCfg = Release|Any CPU
		{3788BD78-4401-4EC8-8AEB-2F9F460CAE87}.Release|Any CPU.Build.0 = Release|Any CPU
		{3788BD78-4401-4EC8-8AEB-2F9F460CAE87}.Release|Any CPU.Deploy.0 = Release|Any CPU
	EndGlobalSection
	GlobalSection(SolutionProperties) = preSolution
		HideSolutionNode = FALSE
	EndGlobalSection
	GlobalSection(ExtensibilityGlobals) = postSolution
		SolutionGuid = {8A9E87B6-CF62-4B5F-959D-01B1C2A17AE5}
	EndGlobalSection
EndGlobal
